
Microsoft Visual Studio Solution File, Format Version 12.00
# Visual Studio Version 17
VisualStudioVersion = 17.5.33502.453
MinimumVisualStudioVersion = 10.0.40219.1
Project("{FAE04EC0-301F-11D3-BF4B-00C04F79EFBC}") = "Monitor", "Monitor\Monitor.csproj", "{F7373B73-5799-435F-8393-CC9EE04ED8ED}"
EndProject
Global
	GlobalSection(SolutionConfigurationPlatforms) = preSolution
		Debug|Any CPU = Debug|Any CPU
		Release|Any CPU = Release|Any CPU
	EndGlobalSection
	GlobalSection(ProjectConfigurationPlatforms) = postSolution
		{F7373B73-5799-435F-8393-CC9EE04ED8ED}.Debug|Any CPU.ActiveCfg = Debug|Any CPU
		{F7373B73-5799-435F-8393-CC9EE04ED8ED}.Debug|Any CPU.Build.0 = Debug|Any CPU
		{F7373B73-5799-435F-8393-CC9EE04ED8ED}.Release|Any CPU.ActiveCfg = Release|Any CPU
		{F7373B73-5799-435F-8393-CC9EE04ED8ED}.Release|Any CPU.Build.0 = Release|Any CPU
	EndGlobalSection
	GlobalSection(SolutionProperties) = preSolution
		HideSolutionNode = FALSE
	EndGlobalSection
	GlobalSection(ExtensibilityGlobals) = postSolution
		SolutionGuid = {021D3175-0DE5-4CAD-A3B6-58E093064EB2}
	EndGlobalSection
EndGlobal
